
Microsoft Visual Studio Solution File, Format Version 12.00
# Visual Studio Version 17
VisualStudioVersion = 17.13.35828.75
MinimumVisualStudioVersion = 10.0.40219.1
Project("{FAE04EC0-301F-11D3-BF4B-00C04F79EFBC}") = "AzureKeyVaultEmulator", "src\AzureKeyVaultEmulator\AzureKeyVaultEmulator.csproj", "{ABAEE20D-4E4B-45CF-ABEA-A02263F63615}"
EndProject
Project("{FAE04EC0-301F-11D3-BF4B-00C04F79EFBC}") = "AzureKeyVaultEmulator.AppHost", "dev\AzureKeyVaultEmulator.AppHost\AzureKeyVaultEmulator.AppHost.AppHost\AzureKeyVaultEmulator.AppHost.csproj", "{5FEF252E-CD35-438F-8128-041B257E9B3E}"
EndProject
Project("{FAE04EC0-301F-11D3-BF4B-00C04F79EFBC}") = "AzureKeyVaultEmulator.IntegrationTests", "test\AzureKeyVaultEmulator.IntegrationTests\AzureKeyVaultEmulator.IntegrationTests.csproj", "{29CA2D9E-75F2-4613-B329-4DB808D28481}"
EndProject
Project("{FAE04EC0-301F-11D3-BF4B-00C04F79EFBC}") = "AzureKeyVaultEmulator.Shared", "src\AzureKeyVaultEmulator.Shared\AzureKeyVaultEmulator.Shared.csproj", "{337ECEEF-74A5-F1F5-57AE-8ABD750CA911}"
EndProject
Project("{FAE04EC0-301F-11D3-BF4B-00C04F79EFBC}") = "AzureKeyVaultEmulator.Aspire.Hosting", "src\AzureKeyVaultEmulator.Aspire.Hosting\AzureKeyVaultEmulator.Aspire.Hosting.csproj", "{7C516F4C-B7C6-4CDB-8778-9A3967F561FF}"
EndProject
Project("{FAE04EC0-301F-11D3-BF4B-00C04F79EFBC}") = "WebApiWithEmulator.DebugHelper", "dev\WebApiWithEmulator.DebugHelper\WebApiPWithEmulator\WebApiWithEmulator.DebugHelper.csproj", "{A802C874-9FE8-0962-599D-E3805D642844}"
EndProject
Project("{FAE04EC0-301F-11D3-BF4B-00C04F79EFBC}") = "AzureKeyVaultEmulator.Client", "src\AzureKeyVaultEmulator.Client\AzureKeyVaultEmulator.Client.csproj", "{9A57407F-B388-48F4-9722-71A686821053}"
EndProject
Project("{2150E333-8FDC-42A3-9474-1A3956D46DE8}") = "src", "src", "{02EA681E-C7D8-13C7-8484-4AC65E1B71E8}"
EndProject
Project("{2150E333-8FDC-42A3-9474-1A3956D46DE8}") = "test", "test", "{31D6FB3A-2672-495C-9B8E-EC1B1F0E6522}"
EndProject
Project("{2150E333-8FDC-42A3-9474-1A3956D46DE8}") = "dev", "dev", "{52FAC170-0A0C-4D68-9494-801265233A5A}"
EndProject
Project("{2150E333-8FDC-42A3-9474-1A3956D46DE8}") = "TestContainers", "TestContainers", "{76D52EDF-7D8B-4B40-97D4-A2D25460D2A9}"
EndProject
Project("{FAE04EC0-301F-11D3-BF4B-00C04F79EFBC}") = "AzureKeyVaultEmulator.TestContainers", "src\TestContainers\dotnet\AzureKeyVaultEmulator.TestContainers.csproj", "{D5EA7180-0D91-414B-86A4-BB9885A26305}"
EndProject
Project("{FAE04EC0-301F-11D3-BF4B-00C04F79EFBC}") = "AzureKeyVaultEmulator.TestContainers.Tests", "test\AzureKeyVaultEmulator.TestContainers.Tests\AzureKeyVaultEmulator.TestContainers.Tests.csproj", "{CDEB06F2-3EA5-4DED-8113-E732EFBC800B}"
EndProject
Project("{FAE04EC0-301F-11D3-BF4B-00C04F79EFBC}") = "AzureKeyVaultEmulator.Wiremock.IntegrationTests", "test\AzureKeyVaultEmulator.Wiremock.IntegrationTests\AzureKeyVaultEmulator.Wiremock.IntegrationTests.csproj", "{FF15C174-6F00-4C77-AAE5-B98ACC68C17E}"
EndProject
Global
	GlobalSection(SolutionConfigurationPlatforms) = preSolution
		Debug|Any CPU = Debug|Any CPU
		Release|Any CPU = Release|Any CPU
	EndGlobalSection
	GlobalSection(ProjectConfigurationPlatforms) = postSolution
		{ABAEE20D-4E4B-45CF-ABEA-A02263F63615}.Debug|Any CPU.ActiveCfg = Debug|Any CPU
		{ABAEE20D-4E4B-45CF-ABEA-A02263F63615}.Debug|Any CPU.Build.0 = Debug|Any CPU
		{ABAEE20D-4E4B-45CF-ABEA-A02263F63615}.Release|Any CPU.ActiveCfg = Release|Any CPU
		{ABAEE20D-4E4B-45CF-ABEA-A02263F63615}.Release|Any CPU.Build.0 = Release|Any CPU
		{5FEF252E-CD35-438F-8128-041B257E9B3E}.Debug|Any CPU.ActiveCfg = Debug|Any CPU
		{5FEF252E-CD35-438F-8128-041B257E9B3E}.Debug|Any CPU.Build.0 = Debug|Any CPU
		{5FEF252E-CD35-438F-8128-041B257E9B3E}.Release|Any CPU.ActiveCfg = Release|Any CPU
		{5FEF252E-CD35-438F-8128-041B257E9B3E}.Release|Any CPU.Build.0 = Release|Any CPU
		{29CA2D9E-75F2-4613-B329-4DB808D28481}.Debug|Any CPU.ActiveCfg = Debug|Any CPU
		{29CA2D9E-75F2-4613-B329-4DB808D28481}.Debug|Any CPU.Build.0 = Debug|Any CPU
		{29CA2D9E-75F2-4613-B329-4DB808D28481}.Release|Any CPU.ActiveCfg = Release|Any CPU
		{29CA2D9E-75F2-4613-B329-4DB808D28481}.Release|Any CPU.Build.0 = Release|Any CPU
		{337ECEEF-74A5-F1F5-57AE-8ABD750CA911}.Debug|Any CPU.ActiveCfg = Debug|Any CPU
		{337ECEEF-74A5-F1F5-57AE-8ABD750CA911}.Debug|Any CPU.Build.0 = Debug|Any CPU
		{337ECEEF-74A5-F1F5-57AE-8ABD750CA911}.Release|Any CPU.ActiveCfg = Release|Any CPU
		{337ECEEF-74A5-F1F5-57AE-8ABD750CA911}.Release|Any CPU.Build.0 = Release|Any CPU
		{7C516F4C-B7C6-4CDB-8778-9A3967F561FF}.Debug|Any CPU.ActiveCfg = Debug|Any CPU
		{7C516F4C-B7C6-4CDB-8778-9A3967F561FF}.Debug|Any CPU.Build.0 = Debug|Any CPU
		{7C516F4C-B7C6-4CDB-8778-9A3967F561FF}.Release|Any CPU.ActiveCfg = Release|Any CPU
		{7C516F4C-B7C6-4CDB-8778-9A3967F561FF}.Release|Any CPU.Build.0 = Release|Any CPU
		{A802C874-9FE8-0962-599D-E3805D642844}.Debug|Any CPU.ActiveCfg = Debug|Any CPU
		{A802C874-9FE8-0962-599D-E3805D642844}.Debug|Any CPU.Build.0 = Debug|Any CPU
		{A802C874-9FE8-0962-599D-E3805D642844}.Release|Any CPU.ActiveCfg = Release|Any CPU
		{A802C874-9FE8-0962-599D-E3805D642844}.Release|Any CPU.Build.0 = Release|Any CPU
		{9A57407F-B388-48F4-9722-71A686821053}.Debug|Any CPU.ActiveCfg = Debug|Any CPU
		{9A57407F-B388-48F4-9722-71A686821053}.Debug|Any CPU.Build.0 = Debug|Any CPU
		{9A57407F-B388-48F4-9722-71A686821053}.Release|Any CPU.ActiveCfg = Release|Any CPU
		{9A57407F-B388-48F4-9722-71A686821053}.Release|Any CPU.Build.0 = Release|Any CPU
		{D5EA7180-0D91-414B-86A4-BB9885A26305}.Debug|Any CPU.ActiveCfg = Debug|Any CPU
		{D5EA7180-0D91-414B-86A4-BB9885A26305}.Debug|Any CPU.Build.0 = Debug|Any CPU
		{D5EA7180-0D91-414B-86A4-BB9885A26305}.Release|Any CPU.ActiveCfg = Release|Any CPU
		{D5EA7180-0D91-414B-86A4-BB9885A26305}.Release|Any CPU.Build.0 = Release|Any CPU
		{CDEB06F2-3EA5-4DED-8113-E732EFBC800B}.Debug|Any CPU.ActiveCfg = Debug|Any CPU
		{CDEB06F2-3EA5-4DED-8113-E732EFBC800B}.Debug|Any CPU.Build.0 = Debug|Any CPU
		{CDEB06F2-3EA5-4DED-8113-E732EFBC800B}.Release|Any CPU.ActiveCfg = Release|Any CPU
		{CDEB06F2-3EA5-4DED-8113-E732EFBC800B}.Release|Any CPU.Build.0 = Release|Any CPU
		{FF15C174-6F00-4C77-AAE5-B98ACC68C17E}.Debug|Any CPU.ActiveCfg = Debug|Any CPU
		{FF15C174-6F00-4C77-AAE5-B98ACC68C17E}.Debug|Any CPU.Build.0 = Debug|Any CPU
		{FF15C174-6F00-4C77-AAE5-B98ACC68C17E}.Release|Any CPU.ActiveCfg = Release|Any CPU
		{FF15C174-6F00-4C77-AAE5-B98ACC68C17E}.Release|Any CPU.Build.0 = Release|Any CPU
	EndGlobalSection
	GlobalSection(SolutionProperties) = preSolution
		HideSolutionNode = FALSE
	EndGlobalSection
	GlobalSection(NestedProjects) = preSolution
		{ABAEE20D-4E4B-45CF-ABEA-A02263F63615} = {02EA681E-C7D8-13C7-8484-4AC65E1B71E8}
		{5FEF252E-CD35-438F-8128-041B257E9B3E} = {52FAC170-0A0C-4D68-9494-801265233A5A}
		{29CA2D9E-75F2-4613-B329-4DB808D28481} = {31D6FB3A-2672-495C-9B8E-EC1B1F0E6522}
		{337ECEEF-74A5-F1F5-57AE-8ABD750CA911} = {02EA681E-C7D8-13C7-8484-4AC65E1B71E8}
		{7C516F4C-B7C6-4CDB-8778-9A3967F561FF} = {02EA681E-C7D8-13C7-8484-4AC65E1B71E8}
		{A802C874-9FE8-0962-599D-E3805D642844} = {52FAC170-0A0C-4D68-9494-801265233A5A}
		{9A57407F-B388-48F4-9722-71A686821053} = {02EA681E-C7D8-13C7-8484-4AC65E1B71E8}
		{76D52EDF-7D8B-4B40-97D4-A2D25460D2A9} = {02EA681E-C7D8-13C7-8484-4AC65E1B71E8}
		{D5EA7180-0D91-414B-86A4-BB9885A26305} = {76D52EDF-7D8B-4B40-97D4-A2D25460D2A9}
		{CDEB06F2-3EA5-4DED-8113-E732EFBC800B} = {31D6FB3A-2672-495C-9B8E-EC1B1F0E6522}
		{FF15C174-6F00-4C77-AAE5-B98ACC68C17E} = {31D6FB3A-2672-495C-9B8E-EC1B1F0E6522}
	EndGlobalSection
	GlobalSection(ExtensibilityGlobals) = postSolution
		SolutionGuid = {5F55DDB9-3B7B-46C5-AB82-AB7A76A1B187}
	EndGlobalSection
EndGlobal
